
Microsoft Visual Studio Solution File, Format Version 12.00
# Visual Studio Version 16
VisualStudioVersion = 16.0.29215.179
MinimumVisualStudioVersion = 10.0.40219.1
Project("{FAE04EC0-301F-11D3-BF4B-00C04F79EFBC}") = "Kata_11", "Kata_11\Kata_11.csproj", "{FB7540F4-3D51-4E44-885E-190C2EEE73E2}"
EndProject
Project("{FAE04EC0-301F-11D3-BF4B-00C04F79EFBC}") = "Kata_11_Optima", "Kata_11_Optima\Kata_11_Optima.csproj", "{238E3199-73FD-42BC-AC59-90429998276C}"
EndProject
Project("{FAE04EC0-301F-11D3-BF4B-00C04F79EFBC}") = "Kata_12", "Kata_12\Kata_12.csproj", "{B9645696-C559-4A29-BFFB-78E2EC0E0DE6}"
EndProject
Project("{FAE04EC0-301F-11D3-BF4B-00C04F79EFBC}") = "Kata_12_Optima", "Kata_12_Optima\Kata_12_Optima.csproj", "{F6312C07-8732-40B5-9540-909500C29CA9}"
EndProject
Project("{FAE04EC0-301F-11D3-BF4B-00C04F79EFBC}") = "Kata_13", "Kata_13\Kata_13.csproj", "{079DB223-26E9-43CA-8670-6094EF561216}"
EndProject
Project("{FAE04EC0-301F-11D3-BF4B-00C04F79EFBC}") = "Kata_13_Optima", "Kata_13_Optima\Kata_13_Optima.csproj", "{505DCA5E-71B1-4932-9026-0DD4648855F9}"
EndProject
Project("{FAE04EC0-301F-11D3-BF4B-00C04F79EFBC}") = "Kata_14", "Kata_14\Kata_14.csproj", "{1C68E9B0-BC47-4500-BBBC-63AB946D6222}"
EndProject
Project("{FAE04EC0-301F-11D3-BF4B-00C04F79EFBC}") = "Kata_14_Optima", "Kata_14_Optima\Kata_14_Optima.csproj", "{AB463C72-1E4A-4247-B728-F3DA27EADB7E}"
EndProject
Project("{FAE04EC0-301F-11D3-BF4B-00C04F79EFBC}") = "Kata_15", "Kata_15\Kata_15.csproj", "{437848B2-6191-410C-B740-5A18FEC306D2}"
EndProject
Project("{FAE04EC0-301F-11D3-BF4B-00C04F79EFBC}") = "Kata_15_Optima", "Kata_15_Optima\Kata_15_Optima.csproj", "{DC9842B0-C9FF-412B-9E73-CAA184829C63}"
EndProject
Project("{FAE04EC0-301F-11D3-BF4B-00C04F79EFBC}") = "Kata_16_Optima", "Kata_16_Optima\Kata_16_Optima.csproj", "{11F94550-D33E-42A0-9666-710B8251EAB9}"
EndProject
Project("{FAE04EC0-301F-11D3-BF4B-00C04F79EFBC}") = "WTF", "WTF\WTF.csproj", "{871E357A-AB94-4A05-837E-B0BA5E5B3AE0}"
EndProject
Project("{FAE04EC0-301F-11D3-BF4B-00C04F79EFBC}") = "Kata_16", "Kata_16\Kata_16.csproj", "{62C02BBA-AE0C-4081-B2E9-E8FE09CFCB92}"
EndProject
Project("{FAE04EC0-301F-11D3-BF4B-00C04F79EFBC}") = "Kata_17", "Kata_17\Kata_17.csproj", "{5E09C36F-4288-4DEA-85A1-3F8D967059F0}"
EndProject
Project("{FAE04EC0-301F-11D3-BF4B-00C04F79EFBC}") = "Kata_17_Optima", "Kata_17_Optima\Kata_17_Optima.csproj", "{1C8B4179-F946-48F7-8C33-BAF42AB5454C}"
EndProject
Global
	GlobalSection(SolutionConfigurationPlatforms) = preSolution
		Debug|Any CPU = Debug|Any CPU
		Release|Any CPU = Release|Any CPU
	EndGlobalSection
	GlobalSection(ProjectConfigurationPlatforms) = postSolution
		{FB7540F4-3D51-4E44-885E-190C2EEE73E2}.Debug|Any CPU.ActiveCfg = Debug|Any CPU
		{FB7540F4-3D51-4E44-885E-190C2EEE73E2}.Debug|Any CPU.Build.0 = Debug|Any CPU
		{FB7540F4-3D51-4E44-885E-190C2EEE73E2}.Release|Any CPU.ActiveCfg = Release|Any CPU
		{FB7540F4-3D51-4E44-885E-190C2EEE73E2}.Release|Any CPU.Build.0 = Release|Any CPU
		{238E3199-73FD-42BC-AC59-90429998276C}.Debug|Any CPU.ActiveCfg = Debug|Any CPU
		{238E3199-73FD-42BC-AC59-90429998276C}.Debug|Any CPU.Build.0 = Debug|Any CPU
		{238E3199-73FD-42BC-AC59-90429998276C}.Release|Any CPU.ActiveCfg = Release|Any CPU
		{238E3199-73FD-42BC-AC59-90429998276C}.Release|Any CPU.Build.0 = Release|Any CPU
		{B9645696-C559-4A29-BFFB-78E2EC0E0DE6}.Debug|Any CPU.ActiveCfg = Debug|Any CPU
		{B9645696-C559-4A29-BFFB-78E2EC0E0DE6}.Debug|Any CPU.Build.0 = Debug|Any CPU
		{B9645696-C559-4A29-BFFB-78E2EC0E0DE6}.Release|Any CPU.ActiveCfg = Release|Any CPU
		{B9645696-C559-4A29-BFFB-78E2EC0E0DE6}.Release|Any CPU.Build.0 = Release|Any CPU
		{F6312C07-8732-40B5-9540-909500C29CA9}.Debug|Any CPU.ActiveCfg = Debug|Any CPU
		{F6312C07-8732-40B5-9540-909500C29CA9}.Debug|Any CPU.Build.0 = Debug|Any CPU
		{F6312C07-8732-40B5-9540-909500C29CA9}.Release|Any CPU.ActiveCfg = Release|Any CPU
		{F6312C07-8732-40B5-9540-909500C29CA9}.Release|Any CPU.Build.0 = Release|Any CPU
		{079DB223-26E9-43CA-8670-6094EF561216}.Debug|Any CPU.ActiveCfg = Debug|Any CPU
		{079DB223-26E9-43CA-8670-6094EF561216}.Debug|Any CPU.Build.0 = Debug|Any CPU
		{079DB223-26E9-43CA-8670-6094EF561216}.Release|Any CPU.ActiveCfg = Release|Any CPU
		{079DB223-26E9-43CA-8670-6094EF561216}.Release|Any CPU.Build.0 = Release|Any CPU
		{505DCA5E-71B1-4932-9026-0DD4648855F9}.Debug|Any CPU.ActiveCfg = Debug|Any CPU
		{505DCA5E-71B1-4932-9026-0DD4648855F9}.Debug|Any CPU.Build.0 = Debug|Any CPU
		{505DCA5E-71B1-4932-9026-0DD4648855F9}.Release|Any CPU.ActiveCfg = Release|Any CPU
		{505DCA5E-71B1-4932-9026-0DD4648855F9}.Release|Any CPU.Build.0 = Release|Any CPU
		{1C68E9B0-BC47-4500-BBBC-63AB946D6222}.Debug|Any CPU.ActiveCfg = Debug|Any CPU
		{1C68E9B0-BC47-4500-BBBC-63AB946D6222}.Debug|Any CPU.Build.0 = Debug|Any CPU
		{1C68E9B0-BC47-4500-BBBC-63AB946D6222}.Release|Any CPU.ActiveCfg = Release|Any CPU
		{1C68E9B0-BC47-4500-BBBC-63AB946D6222}.Release|Any CPU.Build.0 = Release|Any CPU
		{AB463C72-1E4A-4247-B728-F3DA27EADB7E}.Debug|Any CPU.ActiveCfg = Debug|Any CPU
		{AB463C72-1E4A-4247-B728-F3DA27EADB7E}.Debug|Any CPU.Build.0 = Debug|Any CPU
		{AB463C72-1E4A-4247-B728-F3DA27EADB7E}.Release|Any CPU.ActiveCfg = Release|Any CPU
		{AB463C72-1E4A-4247-B728-F3DA27EADB7E}.Release|Any CPU.Build.0 = Release|Any CPU
		{437848B2-6191-410C-B740-5A18FEC306D2}.Debug|Any CPU.ActiveCfg = Debug|Any CPU
		{437848B2-6191-410C-B740-5A18FEC306D2}.Debug|Any CPU.Build.0 = Debug|Any CPU
		{437848B2-6191-410C-B740-5A18FEC306D2}.Release|Any CPU.ActiveCfg = Release|Any CPU
		{437848B2-6191-410C-B740-5A18FEC306D2}.Release|Any CPU.Build.0 = Release|Any CPU
		{DC9842B0-C9FF-412B-9E73-CAA184829C63}.Debug|Any CPU.ActiveCfg = Debug|Any CPU
		{DC9842B0-C9FF-412B-9E73-CAA184829C63}.Debug|Any CPU.Build.0 = Debug|Any CPU
		{DC9842B0-C9FF-412B-9E73-CAA184829C63}.Release|Any CPU.ActiveCfg = Release|Any CPU
		{DC9842B0-C9FF-412B-9E73-CAA184829C63}.Release|Any CPU.Build.0 = Release|Any CPU
		{11F94550-D33E-42A0-9666-710B8251EAB9}.Debug|Any CPU.ActiveCfg = Debug|Any CPU
		{11F94550-D33E-42A0-9666-710B8251EAB9}.Debug|Any CPU.Build.0 = Debug|Any CPU
		{11F94550-D33E-42A0-9666-710B8251EAB9}.Release|Any CPU.ActiveCfg = Release|Any CPU
		{11F94550-D33E-42A0-9666-710B8251EAB9}.Release|Any CPU.Build.0 = Release|Any CPU
		{871E357A-AB94-4A05-837E-B0BA5E5B3AE0}.Debug|Any CPU.ActiveCfg = Debug|Any CPU
		{871E357A-AB94-4A05-837E-B0BA5E5B3AE0}.Debug|Any CPU.Build.0 = Debug|Any CPU
		{871E357A-AB94-4A05-837E-B0BA5E5B3AE0}.Release|Any CPU.ActiveCfg = Release|Any CPU
		{871E357A-AB94-4A05-837E-B0BA5E5B3AE0}.Release|Any CPU.Build.0 = Release|Any CPU
		{62C02BBA-AE0C-4081-B2E9-E8FE09CFCB92}.Debug|Any CPU.ActiveCfg = Debug|Any CPU
		{62C02BBA-AE0C-4081-B2E9-E8FE09CFCB92}.Debug|Any CPU.Build.0 = Debug|Any CPU
		{62C02BBA-AE0C-4081-B2E9-E8FE09CFCB92}.Release|Any CPU.ActiveCfg = Release|Any CPU
		{62C02BBA-AE0C-4081-B2E9-E8FE09CFCB92}.Release|Any CPU.Build.0 = Release|Any CPU
		{5E09C36F-4288-4DEA-85A1-3F8D967059F0}.Debug|Any CPU.ActiveCfg = Debug|Any CPU
		{5E09C36F-4288-4DEA-85A1-3F8D967059F0}.Debug|Any CPU.Build.0 = Debug|Any CPU
		{5E09C36F-4288-4DEA-85A1-3F8D967059F0}.Release|Any CPU.ActiveCfg = Release|Any CPU
		{5E09C36F-4288-4DEA-85A1-3F8D967059F0}.Release|Any CPU.Build.0 = Release|Any CPU
		{1C8B4179-F946-48F7-8C33-BAF42AB5454C}.Debug|Any CPU.ActiveCfg = Debug|Any CPU
		{1C8B4179-F946-48F7-8C33-BAF42AB5454C}.Debug|Any CPU.Build.0 = Debug|Any CPU
		{1C8B4179-F946-48F7-8C33-BAF42AB5454C}.Release|Any CPU.ActiveCfg = Release|Any CPU
		{1C8B4179-F946-48F7-8C33-BAF42AB5454C}.Release|Any CPU.Build.0 = Release|Any CPU
	EndGlobalSection
	GlobalSection(SolutionProperties) = preSolution
		HideSolutionNode = FALSE
	EndGlobalSection
	GlobalSection(ExtensibilityGlobals) = postSolution
		SolutionGuid = {BF97BB64-E00C-4F56-A5FC-5C2BF8581127}
	EndGlobalSection
EndGlobal
